
Microsoft Visual Studio Solution File, Format Version 12.00
# Visual Studio Version 17
VisualStudioVersion = 17.11.35222.181
MinimumVisualStudioVersion = 10.0.40219.1
Project("{8BC9CEB8-8B4A-11D0-8D11-00A0C91BC942}") = "Huffman", "Huffman\Huffman.vcxproj", "{0684D183-F712-4746-A582-87FEE2AD8A32}"
EndProject
Global
	GlobalSection(SolutionConfigurationPlatforms) = preSolution
		Debug|x64 = Debug|x64
		Debug|x86 = Debug|x86
		Release|x64 = Release|x64
		Release|x86 = Release|x86
	EndGlobalSection
	GlobalSection(ProjectConfigurationPlatforms) = postSolution
		{0684D183-F712-4746-A582-87FEE2AD8A32}.Debug|x64.ActiveCfg = Debug|x64
		{0684D183-F712-4746-A582-87FEE2AD8A32}.Debug|x64.Build.0 = Debug|x64
		{0684D183-F712-4746-A582-87FEE2AD8A32}.Debug|x86.ActiveCfg = Debug|Win32
		{0684D183-F712-4746-A582-87FEE2AD8A32}.Debug|x86.Build.0 = Debug|Win32
		{0684D183-F712-4746-A582-87FEE2AD8A32}.Release|x64.ActiveCfg = Release|x64
		{0684D183-F712-4746-A582-87FEE2AD8A32}.Release|x64.Build.0 = Release|x64
		{0684D183-F712-4746-A582-87FEE2AD8A32}.Release|x86.ActiveCfg = Release|Win32
		{0684D183-F712-4746-A582-87FEE2AD8A32}.Release|x86.Build.0 = Release|Win32
	EndGlobalSection
	GlobalSection(SolutionProperties) = preSolution
		HideSolutionNode = FALSE
	EndGlobalSection
	GlobalSection(ExtensibilityGlobals) = postSolution
		SolutionGuid = {67C9B962-AECD-440A-8035-5A7AF6B0D526}
	EndGlobalSection
EndGlobal
